
Microsoft Visual Studio Solution File, Format Version 12.00
# Visual Studio Version 17
VisualStudioVersion = 17.10.34928.147
MinimumVisualStudioVersion = 10.0.40219.1
Project("{FAE04EC0-301F-11D3-BF4B-00C04F79EFBC}") = "HW9", "HW9\HW9.csproj", "{936419BD-A30D-40A3-B663-C16F8FE6CF52}"
EndProject
Global
	GlobalSection(SolutionConfigurationPlatforms) = preSolution
		Debug|Any CPU = Debug|Any CPU
		Release|Any CPU = Release|Any CPU
	EndGlobalSection
	GlobalSection(ProjectConfigurationPlatforms) = postSolution
		{936419BD-A30D-40A3-B663-C16F8FE6CF52}.Debug|Any CPU.ActiveCfg = Debug|Any CPU
		{936419BD-A30D-40A3-B663-C16F8FE6CF52}.Debug|Any CPU.Build.0 = Debug|Any CPU
		{936419BD-A30D-40A3-B663-C16F8FE6CF52}.Release|Any CPU.ActiveCfg = Release|Any CPU
		{936419BD-A30D-40A3-B663-C16F8FE6CF52}.Release|Any CPU.Build.0 = Release|Any CPU
	EndGlobalSection
	GlobalSection(SolutionProperties) = preSolution
		HideSolutionNode = FALSE
	EndGlobalSection
	GlobalSection(ExtensibilityGlobals) = postSolution
		SolutionGuid = {16F2A058-DF5D-4F6D-93A6-358D9892675C}
	EndGlobalSection
EndGlobal
